
Microsoft Visual Studio Solution File, Format Version 12.00
# Visual Studio Version 17
VisualStudioVersion = 17.4.33205.214
MinimumVisualStudioVersion = 10.0.40219.1
Project("{FAE04EC0-301F-11D3-BF4B-00C04F79EFBC}") = "API-GROVE", "API-GROVE\API-GROVE.csproj", "{CDB7BAAF-0896-45B1-8D3A-3D95E1847B22}"
EndProject
Global
	GlobalSection(SolutionConfigurationPlatforms) = preSolution
		Debug|Any CPU = Debug|Any CPU
		Release|Any CPU = Release|Any CPU
	EndGlobalSection
	GlobalSection(ProjectConfigurationPlatforms) = postSolution
		{CDB7BAAF-0896-45B1-8D3A-3D95E1847B22}.Debug|Any CPU.ActiveCfg = Debug|Any CPU
		{CDB7BAAF-0896-45B1-8D3A-3D95E1847B22}.Debug|Any CPU.Build.0 = Debug|Any CPU
		{CDB7BAAF-0896-45B1-8D3A-3D95E1847B22}.Release|Any CPU.ActiveCfg = Release|Any CPU
		{CDB7BAAF-0896-45B1-8D3A-3D95E1847B22}.Release|Any CPU.Build.0 = Release|Any CPU
	EndGlobalSection
	GlobalSection(SolutionProperties) = preSolution
		HideSolutionNode = FALSE
	EndGlobalSection
	GlobalSection(ExtensibilityGlobals) = postSolution
		SolutionGuid = {BF7035EC-5B25-4E91-9784-10D982EA3E88}
	EndGlobalSection
EndGlobal
